// !$*UTF8*$!
{
	archiveVersion = 1;
	classes = {
	};
	objectVersion = 56;
	objects = {

/* Begin PBXBuildFile section */
		960126EB2C511913008A1E83 /* UserVM.swift in Sources */ = {isa = PBXBuildFile; fileRef = 960126EA2C511913008A1E83 /* UserVM.swift */; };
		9604EA0D2C3CB04400C6D9C4 /* Dashboard.swift in Sources */ = {isa = PBXBuildFile; fileRef = 9604EA0C2C3CB04400C6D9C4 /* Dashboard.swift */; };
		9604EA152C3EBB0D00C6D9C4 /* Alamofire in Frameworks */ = {isa = PBXBuildFile; productRef = 9604EA142C3EBB0D00C6D9C4 /* Alamofire */; };
		961DA92E2C2784FE006E7E97 /* OnBoardingView.swift in Sources */ = {isa = PBXBuildFile; fileRef = 961DA92D2C2784FE006E7E97 /* OnBoardingView.swift */; };
		961F2F4D2C21E0A000D83602 /* CreditCardTest.swift in Sources */ = {isa = PBXBuildFile; fileRef = 961F2F4C2C21E0A000D83602 /* CreditCardTest.swift */; };
		961F2F4F2C2258F100D83602 /* CreditCards.swift in Sources */ = {isa = PBXBuildFile; fileRef = 961F2F4E2C2258F100D83602 /* CreditCards.swift */; };
		962117562C3B5858000EF67B /* CategoryVM.swift in Sources */ = {isa = PBXBuildFile; fileRef = 962117552C3B5858000EF67B /* CategoryVM.swift */; };
		962269762C1E72F100655D4B /* UserCredentials.swift in Sources */ = {isa = PBXBuildFile; fileRef = 962269752C1E72F100655D4B /* UserCredentials.swift */; };
		962269782C1E76B900655D4B /* LoginView.swift in Sources */ = {isa = PBXBuildFile; fileRef = 962269772C1E76B900655D4B /* LoginView.swift */; };
		9628BEB52C4E71020002B392 /* TransactionTest.swift in Sources */ = {isa = PBXBuildFile; fileRef = 9628BEB42C4E71020002B392 /* TransactionTest.swift */; };
		9628BEB82C4E7D6D0002B392 /* BilleDB.xcdatamodeld in Sources */ = {isa = PBXBuildFile; fileRef = 9628BEB62C4E7D6C0002B392 /* BilleDB.xcdatamodeld */; };
		9628BEBA2C4E81C00002B392 /* Persistance.swift in Sources */ = {isa = PBXBuildFile; fileRef = 9628BEB92C4E81C00002B392 /* Persistance.swift */; };
		962B36DB2C2A1C5400648C37 /* ServicesVMT.swift in Sources */ = {isa = PBXBuildFile; fileRef = 962B36DA2C2A1C5400648C37 /* ServicesVMT.swift */; };
		9636D5582C4E9DF800F859D4 /* SendView.swift in Sources */ = {isa = PBXBuildFile; fileRef = 9636D5572C4E9DF800F859D4 /* SendView.swift */; };
		96556FBD2C1FEEB9003A5C05 /* HomeScreen.swift in Sources */ = {isa = PBXBuildFile; fileRef = 96556FBC2C1FEEB9003A5C05 /* HomeScreen.swift */; };
		966462EE2C2092F60010C414 /* Currency.swift in Sources */ = {isa = PBXBuildFile; fileRef = 966462ED2C2092F60010C414 /* Currency.swift */; };
		966462F02C2095E80010C414 /* CurrencyVM.swift in Sources */ = {isa = PBXBuildFile; fileRef = 966462EF2C2095E80010C414 /* CurrencyVM.swift */; };
		966462F22C20BAD00010C414 /* CurrencyMenu.swift in Sources */ = {isa = PBXBuildFile; fileRef = 966462F12C20BAD00010C414 /* CurrencyMenu.swift */; };
		966AA86A2C247FB30045871E /* NewCardModal.swift in Sources */ = {isa = PBXBuildFile; fileRef = 966AA8692C247FB30045871E /* NewCardModal.swift */; };
		967D07BC2C4024090042215D /* ColorUtils.swift in Sources */ = {isa = PBXBuildFile; fileRef = 967D07BB2C4024090042215D /* ColorUtils.swift */; };
		967D07BE2C4165850042215D /* Navbar.swift in Sources */ = {isa = PBXBuildFile; fileRef = 967D07BD2C4165850042215D /* Navbar.swift */; };
		967D07C02C4173910042215D /* ServicesMenu.swift in Sources */ = {isa = PBXBuildFile; fileRef = 967D07BF2C4173910042215D /* ServicesMenu.swift */; };
		967D07C22C4173B70042215D /* Profile.swift in Sources */ = {isa = PBXBuildFile; fileRef = 967D07C12C4173B70042215D /* Profile.swift */; };
		967E41B52C21B696000043FE /* CardTest.swift in Sources */ = {isa = PBXBuildFile; fileRef = 967E41B42C21B696000043FE /* CardTest.swift */; };
		967E41B72C21C650000043FE /* DatabaseHardcoded.swift in Sources */ = {isa = PBXBuildFile; fileRef = 967E41B62C21C650000043FE /* DatabaseHardcoded.swift */; };
		96AAB7682C2477E0004DD26E /* CardVMT.swift in Sources */ = {isa = PBXBuildFile; fileRef = 96AAB7672C2477E0004DD26E /* CardVMT.swift */; };
		96B339A52C1D306800B910A5 /* BilleApp.swift in Sources */ = {isa = PBXBuildFile; fileRef = 96B339A42C1D306800B910A5 /* BilleApp.swift */; };
		96B339A72C1D306800B910A5 /* ContentView.swift in Sources */ = {isa = PBXBuildFile; fileRef = 96B339A62C1D306800B910A5 /* ContentView.swift */; };
		96B339A92C1D306900B910A5 /* Assets.xcassets in Resources */ = {isa = PBXBuildFile; fileRef = 96B339A82C1D306900B910A5 /* Assets.xcassets */; };
		96B339AC2C1D306900B910A5 /* Preview Assets.xcassets in Resources */ = {isa = PBXBuildFile; fileRef = 96B339AB2C1D306900B910A5 /* Preview Assets.xcassets */; };
		96B339B92C1D34EE00B910A5 /* UserTests.swift in Sources */ = {isa = PBXBuildFile; fileRef = 96B339B82C1D34EE00B910A5 /* UserTests.swift */; };
		96B339BB2C1D423B00B910A5 /* RegisterModal.swift in Sources */ = {isa = PBXBuildFile; fileRef = 96B339BA2C1D423B00B910A5 /* RegisterModal.swift */; };
		96B339BD2C1D49CA00B910A5 /* RegisterView.swift in Sources */ = {isa = PBXBuildFile; fileRef = 96B339BC2C1D49CA00B910A5 /* RegisterView.swift */; };
		96B339BF2C1D4A3A00B910A5 /* UserVMT.swift in Sources */ = {isa = PBXBuildFile; fileRef = 96B339BE2C1D4A3A00B910A5 /* UserVMT.swift */; };
		96C367692C210FDC00988460 /* CurrencyMenuTest.swift in Sources */ = {isa = PBXBuildFile; fileRef = 96C367682C210FDC00988460 /* CurrencyMenuTest.swift */; };
		96C824A42C275E8B009A62F7 /* ServicesTests.swift in Sources */ = {isa = PBXBuildFile; fileRef = 96C824A32C275E8B009A62F7 /* ServicesTests.swift */; };
		96D1A65A2C3607BC00080A64 /* BalanceView.swift in Sources */ = {isa = PBXBuildFile; fileRef = 96D1A6592C3607BC00080A64 /* BalanceView.swift */; };
		96D1A65E2C36B33C00080A64 /* Category.swift in Sources */ = {isa = PBXBuildFile; fileRef = 96D1A65D2C36B33C00080A64 /* Category.swift */; };
		96F698652C496E6300372DE6 /* DateUtils.swift in Sources */ = {isa = PBXBuildFile; fileRef = 96F698642C496E6300372DE6 /* DateUtils.swift */; };
/* End PBXBuildFile section */

/* Begin PBXFileReference section */
		960126EA2C511913008A1E83 /* UserVM.swift */ = {isa = PBXFileReference; lastKnownFileType = sourcecode.swift; path = UserVM.swift; sourceTree = "<group>"; };
		9604EA0C2C3CB04400C6D9C4 /* Dashboard.swift */ = {isa = PBXFileReference; lastKnownFileType = sourcecode.swift; path = Dashboard.swift; sourceTree = "<group>"; };
		961DA92D2C2784FE006E7E97 /* OnBoardingView.swift */ = {isa = PBXFileReference; lastKnownFileType = sourcecode.swift; path = OnBoardingView.swift; sourceTree = "<group>"; };
		961F2F4C2C21E0A000D83602 /* CreditCardTest.swift */ = {isa = PBXFileReference; lastKnownFileType = sourcecode.swift; path = CreditCardTest.swift; sourceTree = "<group>"; };
		961F2F4E2C2258F100D83602 /* CreditCards.swift */ = {isa = PBXFileReference; lastKnownFileType = sourcecode.swift; path = CreditCards.swift; sourceTree = "<group>"; };
		962117552C3B5858000EF67B /* CategoryVM.swift */ = {isa = PBXFileReference; lastKnownFileType = sourcecode.swift; path = CategoryVM.swift; sourceTree = "<group>"; };
		962269752C1E72F100655D4B /* UserCredentials.swift */ = {isa = PBXFileReference; lastKnownFileType = sourcecode.swift; path = UserCredentials.swift; sourceTree = "<group>"; };
		962269772C1E76B900655D4B /* LoginView.swift */ = {isa = PBXFileReference; lastKnownFileType = sourcecode.swift; path = LoginView.swift; sourceTree = "<group>"; };
		9628BEB42C4E71020002B392 /* TransactionTest.swift */ = {isa = PBXFileReference; lastKnownFileType = sourcecode.swift; path = TransactionTest.swift; sourceTree = "<group>"; };
		9628BEB72C4E7D6D0002B392 /* BilleDB.xcdatamodel */ = {isa = PBXFileReference; lastKnownFileType = wrapper.xcdatamodel; path = BilleDB.xcdatamodel; sourceTree = "<group>"; };
		9628BEB92C4E81C00002B392 /* Persistance.swift */ = {isa = PBXFileReference; lastKnownFileType = sourcecode.swift; path = Persistance.swift; sourceTree = "<group>"; };
		962B36DA2C2A1C5400648C37 /* ServicesVMT.swift */ = {isa = PBXFileReference; lastKnownFileType = sourcecode.swift; path = ServicesVMT.swift; sourceTree = "<group>"; };
		9636D5572C4E9DF800F859D4 /* SendView.swift */ = {isa = PBXFileReference; lastKnownFileType = sourcecode.swift; path = SendView.swift; sourceTree = "<group>"; };
		96556FBC2C1FEEB9003A5C05 /* HomeScreen.swift */ = {isa = PBXFileReference; lastKnownFileType = sourcecode.swift; path = HomeScreen.swift; sourceTree = "<group>"; };
		966462ED2C2092F60010C414 /* Currency.swift */ = {isa = PBXFileReference; lastKnownFileType = sourcecode.swift; path = Currency.swift; sourceTree = "<group>"; };
		966462EF2C2095E80010C414 /* CurrencyVM.swift */ = {isa = PBXFileReference; lastKnownFileType = sourcecode.swift; path = CurrencyVM.swift; sourceTree = "<group>"; };
		966462F12C20BAD00010C414 /* CurrencyMenu.swift */ = {isa = PBXFileReference; lastKnownFileType = sourcecode.swift; path = CurrencyMenu.swift; sourceTree = "<group>"; };
		966AA8692C247FB30045871E /* NewCardModal.swift */ = {isa = PBXFileReference; lastKnownFileType = sourcecode.swift; path = NewCardModal.swift; sourceTree = "<group>"; };
		967D07BB2C4024090042215D /* ColorUtils.swift */ = {isa = PBXFileReference; lastKnownFileType = sourcecode.swift; path = ColorUtils.swift; sourceTree = "<group>"; };
		967D07BD2C4165850042215D /* Navbar.swift */ = {isa = PBXFileReference; lastKnownFileType = sourcecode.swift; path = Navbar.swift; sourceTree = "<group>"; };
		967D07BF2C4173910042215D /* ServicesMenu.swift */ = {isa = PBXFileReference; lastKnownFileType = sourcecode.swift; path = ServicesMenu.swift; sourceTree = "<group>"; };
		967D07C12C4173B70042215D /* Profile.swift */ = {isa = PBXFileReference; lastKnownFileType = sourcecode.swift; path = Profile.swift; sourceTree = "<group>"; };
		967E41B42C21B696000043FE /* CardTest.swift */ = {isa = PBXFileReference; lastKnownFileType = sourcecode.swift; path = CardTest.swift; sourceTree = "<group>"; };
		967E41B62C21C650000043FE /* DatabaseHardcoded.swift */ = {isa = PBXFileReference; lastKnownFileType = sourcecode.swift; path = DatabaseHardcoded.swift; sourceTree = "<group>"; };
		96AAB7672C2477E0004DD26E /* CardVMT.swift */ = {isa = PBXFileReference; lastKnownFileType = sourcecode.swift; path = CardVMT.swift; sourceTree = "<group>"; };
		96B339A12C1D306800B910A5 /* Bille.app */ = {isa = PBXFileReference; explicitFileType = wrapper.application; includeInIndex = 0; path = Bille.app; sourceTree = BUILT_PRODUCTS_DIR; };
		96B339A42C1D306800B910A5 /* BilleApp.swift */ = {isa = PBXFileReference; lastKnownFileType = sourcecode.swift; path = BilleApp.swift; sourceTree = "<group>"; };
		96B339A62C1D306800B910A5 /* ContentView.swift */ = {isa = PBXFileReference; lastKnownFileType = sourcecode.swift; path = ContentView.swift; sourceTree = "<group>"; };
		96B339A82C1D306900B910A5 /* Assets.xcassets */ = {isa = PBXFileReference; lastKnownFileType = folder.assetcatalog; path = Assets.xcassets; sourceTree = "<group>"; };
		96B339AB2C1D306900B910A5 /* Preview Assets.xcassets */ = {isa = PBXFileReference; lastKnownFileType = folder.assetcatalog; path = "Preview Assets.xcassets"; sourceTree = "<group>"; };
		96B339B82C1D34EE00B910A5 /* UserTests.swift */ = {isa = PBXFileReference; lastKnownFileType = sourcecode.swift; path = UserTests.swift; sourceTree = "<group>"; };
		96B339BA2C1D423B00B910A5 /* RegisterModal.swift */ = {isa = PBXFileReference; lastKnownFileType = sourcecode.swift; path = RegisterModal.swift; sourceTree = "<group>"; };
		96B339BC2C1D49CA00B910A5 /* RegisterView.swift */ = {isa = PBXFileReference; lastKnownFileType = sourcecode.swift; path = RegisterView.swift; sourceTree = "<group>"; };
		96B339BE2C1D4A3A00B910A5 /* UserVMT.swift */ = {isa = PBXFileReference; lastKnownFileType = sourcecode.swift; path = UserVMT.swift; sourceTree = "<group>"; };
		96C367682C210FDC00988460 /* CurrencyMenuTest.swift */ = {isa = PBXFileReference; lastKnownFileType = sourcecode.swift; path = CurrencyMenuTest.swift; sourceTree = "<group>"; };
		96C824A32C275E8B009A62F7 /* ServicesTests.swift */ = {isa = PBXFileReference; lastKnownFileType = sourcecode.swift; path = ServicesTests.swift; sourceTree = "<group>"; };
		96D1A6592C3607BC00080A64 /* BalanceView.swift */ = {isa = PBXFileReference; lastKnownFileType = sourcecode.swift; path = BalanceView.swift; sourceTree = "<group>"; };
		96D1A65D2C36B33C00080A64 /* Category.swift */ = {isa = PBXFileReference; lastKnownFileType = sourcecode.swift; path = Category.swift; sourceTree = "<group>"; };
		96F698642C496E6300372DE6 /* DateUtils.swift */ = {isa = PBXFileReference; lastKnownFileType = sourcecode.swift; path = DateUtils.swift; sourceTree = "<group>"; };
/* End PBXFileReference section */

/* Begin PBXFrameworksBuildPhase section */
		96B3399E2C1D306800B910A5 /* Frameworks */ = {
			isa = PBXFrameworksBuildPhase;
			buildActionMask = 2147483647;
			files = (
				9604EA152C3EBB0D00C6D9C4 /* Alamofire in Frameworks */,
			);
			runOnlyForDeploymentPostprocessing = 0;
		};
/* End PBXFrameworksBuildPhase section */

/* Begin PBXGroup section */
		960126E82C511755008A1E83 /* ModelTest */ = {
			isa = PBXGroup;
			children = (
				96B339B82C1D34EE00B910A5 /* UserTests.swift */,
				967E41B42C21B696000043FE /* CardTest.swift */,
				96C824A32C275E8B009A62F7 /* ServicesTests.swift */,
				9628BEB42C4E71020002B392 /* TransactionTest.swift */,
			);
			path = ModelTest;
			sourceTree = "<group>";
		};
		960126E92C5117A4008A1E83 /* ViewModel */ = {
			isa = PBXGroup;
			children = (
				962117552C3B5858000EF67B /* CategoryVM.swift */,
				966462EF2C2095E80010C414 /* CurrencyVM.swift */,
				960126EA2C511913008A1E83 /* UserVM.swift */,
			);
			path = ViewModel;
			sourceTree = "<group>";
		};
		962269742C1E72DF00655D4B /* Credentials */ = {
			isa = PBXGroup;
			children = (
				962269752C1E72F100655D4B /* UserCredentials.swift */,
				967E41B62C21C650000043FE /* DatabaseHardcoded.swift */,
			);
			path = Credentials;
			sourceTree = "<group>";
		};
		96B339982C1D306800B910A5 = {
			isa = PBXGroup;
			children = (
				96B339A32C1D306800B910A5 /* Bille */,
				96B339A22C1D306800B910A5 /* Products */,
			);
			sourceTree = "<group>";
		};
		96B339A22C1D306800B910A5 /* Products */ = {
			isa = PBXGroup;
			children = (
				96B339A12C1D306800B910A5 /* Bille.app */,
			);
			name = Products;
			sourceTree = "<group>";
		};
		96B339A32C1D306800B910A5 /* Bille */ = {
			isa = PBXGroup;
			children = (
				960126E92C5117A4008A1E83 /* ViewModel */,
				962269742C1E72DF00655D4B /* Credentials */,
				96B339B72C1D345C00B910A5 /* Tests */,
				96B339B62C1D345500B910A5 /* Utils */,
				96B339B52C1D344C00B910A5 /* Components */,
				96B339B42C1D344600B910A5 /* View */,
				96B339B22C1D343700B910A5 /* Model */,
				96B339A42C1D306800B910A5 /* BilleApp.swift */,
				96B339A82C1D306900B910A5 /* Assets.xcassets */,
				96B339AA2C1D306900B910A5 /* Preview Content */,
			);
			path = Bille;
			sourceTree = "<group>";
		};
		96B339AA2C1D306900B910A5 /* Preview Content */ = {
			isa = PBXGroup;
			children = (
				96B339AB2C1D306900B910A5 /* Preview Assets.xcassets */,
			);
			path = "Preview Content";
			sourceTree = "<group>";
		};
		96B339B22C1D343700B910A5 /* Model */ = {
			isa = PBXGroup;
			children = (
				9628BEB62C4E7D6C0002B392 /* BilleDB.xcdatamodeld */,
				966462ED2C2092F60010C414 /* Currency.swift */,
				96D1A65D2C36B33C00080A64 /* Category.swift */,
				9628BEB92C4E81C00002B392 /* Persistance.swift */,
			);
			path = Model;
			sourceTree = "<group>";
		};
		96B339B32C1D343D00B910A5 /* ViewModelTest */ = {
			isa = PBXGroup;
			children = (
				96B339BE2C1D4A3A00B910A5 /* UserVMT.swift */,
				96AAB7672C2477E0004DD26E /* CardVMT.swift */,
				962B36DA2C2A1C5400648C37 /* ServicesVMT.swift */,
			);
			path = ViewModelTest;
			sourceTree = "<group>";
		};
		96B339B42C1D344600B910A5 /* View */ = {
			isa = PBXGroup;
			children = (
				96B339BA2C1D423B00B910A5 /* RegisterModal.swift */,
				96B339A62C1D306800B910A5 /* ContentView.swift */,
				96B339BC2C1D49CA00B910A5 /* RegisterView.swift */,
				962269772C1E76B900655D4B /* LoginView.swift */,
				96556FBC2C1FEEB9003A5C05 /* HomeScreen.swift */,
				966462F12C20BAD00010C414 /* CurrencyMenu.swift */,
				961F2F4E2C2258F100D83602 /* CreditCards.swift */,
				966AA8692C247FB30045871E /* NewCardModal.swift */,
				96D1A6592C3607BC00080A64 /* BalanceView.swift */,
				9604EA0C2C3CB04400C6D9C4 /* Dashboard.swift */,
				967D07BF2C4173910042215D /* ServicesMenu.swift */,
				967D07C12C4173B70042215D /* Profile.swift */,
				9636D5572C4E9DF800F859D4 /* SendView.swift */,
			);
			path = View;
			sourceTree = "<group>";
		};
		96B339B52C1D344C00B910A5 /* Components */ = {
			isa = PBXGroup;
			children = (
				961DA92D2C2784FE006E7E97 /* OnBoardingView.swift */,
				967D07BD2C4165850042215D /* Navbar.swift */,
			);
			path = Components;
			sourceTree = "<group>";
		};
		96B339B62C1D345500B910A5 /* Utils */ = {
			isa = PBXGroup;
			children = (
				967D07BB2C4024090042215D /* ColorUtils.swift */,
				96F698642C496E6300372DE6 /* DateUtils.swift */,
			);
			path = Utils;
			sourceTree = "<group>";
		};
		96B339B72C1D345C00B910A5 /* Tests */ = {
			isa = PBXGroup;
			children = (
				96B339B32C1D343D00B910A5 /* ViewModelTest */,
				960126E82C511755008A1E83 /* ModelTest */,
				96C367682C210FDC00988460 /* CurrencyMenuTest.swift */,
				961F2F4C2C21E0A000D83602 /* CreditCardTest.swift */,
			);
			path = Tests;
			sourceTree = "<group>";
		};
/* End PBXGroup section */

/* Begin PBXNativeTarget section */
		96B339A02C1D306800B910A5 /* Bille */ = {
			isa = PBXNativeTarget;
			buildConfigurationList = 96B339AF2C1D306900B910A5 /* Build configuration list for PBXNativeTarget "Bille" */;
			buildPhases = (
				96B3399D2C1D306800B910A5 /* Sources */,
				96B3399E2C1D306800B910A5 /* Frameworks */,
				96B3399F2C1D306800B910A5 /* Resources */,
			);
			buildRules = (
			);
			dependencies = (
			);
			name = Bille;
			packageProductDependencies = (
				9604EA142C3EBB0D00C6D9C4 /* Alamofire */,
			);
			productName = Bille;
			productReference = 96B339A12C1D306800B910A5 /* Bille.app */;
			productType = "com.apple.product-type.application";
		};
/* End PBXNativeTarget section */

/* Begin PBXProject section */
		96B339992C1D306800B910A5 /* Project object */ = {
			isa = PBXProject;
			attributes = {
				BuildIndependentTargetsInParallel = 1;
				LastSwiftUpdateCheck = 1500;
				LastUpgradeCheck = 1500;
				TargetAttributes = {
					96B339A02C1D306800B910A5 = {
						CreatedOnToolsVersion = 15.0;
					};
				};
			};
			buildConfigurationList = 96B3399C2C1D306800B910A5 /* Build configuration list for PBXProject "Bille" */;
			compatibilityVersion = "Xcode 14.0";
			developmentRegion = en;
			hasScannedForEncodings = 0;
			knownRegions = (
				en,
				Base,
			);
			mainGroup = 96B339982C1D306800B910A5;
			packageReferences = (
				9604EA132C3EBB0D00C6D9C4 /* XCRemoteSwiftPackageReference "Alamofire" */,
			);
			productRefGroup = 96B339A22C1D306800B910A5 /* Products */;
			projectDirPath = "";
			projectRoot = "";
			targets = (
				96B339A02C1D306800B910A5 /* Bille */,
			);
		};
/* End PBXProject section */

/* Begin PBXResourcesBuildPhase section */
		96B3399F2C1D306800B910A5 /* Resources */ = {
			isa = PBXResourcesBuildPhase;
			buildActionMask = 2147483647;
			files = (
				96B339AC2C1D306900B910A5 /* Preview Assets.xcassets in Resources */,
				96B339A92C1D306900B910A5 /* Assets.xcassets in Resources */,
			);
			runOnlyForDeploymentPostprocessing = 0;
		};
/* End PBXResourcesBuildPhase section */

/* Begin PBXSourcesBuildPhase section */
		96B3399D2C1D306800B910A5 /* Sources */ = {
			isa = PBXSourcesBuildPhase;
			buildActionMask = 2147483647;
			files = (
				967D07BC2C4024090042215D /* ColorUtils.swift in Sources */,
				967D07C22C4173B70042215D /* Profile.swift in Sources */,
				96AAB7682C2477E0004DD26E /* CardVMT.swift in Sources */,
				96B339BB2C1D423B00B910A5 /* RegisterModal.swift in Sources */,
				96B339BF2C1D4A3A00B910A5 /* UserVMT.swift in Sources */,
				96B339BD2C1D49CA00B910A5 /* RegisterView.swift in Sources */,
				96B339A72C1D306800B910A5 /* ContentView.swift in Sources */,
				961DA92E2C2784FE006E7E97 /* OnBoardingView.swift in Sources */,
				96D1A65A2C3607BC00080A64 /* BalanceView.swift in Sources */,
				96F698652C496E6300372DE6 /* DateUtils.swift in Sources */,
				96C824A42C275E8B009A62F7 /* ServicesTests.swift in Sources */,
				961F2F4D2C21E0A000D83602 /* CreditCardTest.swift in Sources */,
				96B339A52C1D306800B910A5 /* BilleApp.swift in Sources */,
				9628BEB82C4E7D6D0002B392 /* BilleDB.xcdatamodeld in Sources */,
				966462EE2C2092F60010C414 /* Currency.swift in Sources */,
				96556FBD2C1FEEB9003A5C05 /* HomeScreen.swift in Sources */,
				967D07C02C4173910042215D /* ServicesMenu.swift in Sources */,
				962269762C1E72F100655D4B /* UserCredentials.swift in Sources */,
				966462F22C20BAD00010C414 /* CurrencyMenu.swift in Sources */,
				9628BEB52C4E71020002B392 /* TransactionTest.swift in Sources */,
				967E41B52C21B696000043FE /* CardTest.swift in Sources */,
				966462F02C2095E80010C414 /* CurrencyVM.swift in Sources */,
				96D1A65E2C36B33C00080A64 /* Category.swift in Sources */,
				9628BEBA2C4E81C00002B392 /* Persistance.swift in Sources */,
				96C367692C210FDC00988460 /* CurrencyMenuTest.swift in Sources */,
				960126EB2C511913008A1E83 /* UserVM.swift in Sources */,
				962269782C1E76B900655D4B /* LoginView.swift in Sources */,
				967E41B72C21C650000043FE /* DatabaseHardcoded.swift in Sources */,
				967D07BE2C4165850042215D /* Navbar.swift in Sources */,
				962117562C3B5858000EF67B /* CategoryVM.swift in Sources */,
				9604EA0D2C3CB04400C6D9C4 /* Dashboard.swift in Sources */,
				962B36DB2C2A1C5400648C37 /* ServicesVMT.swift in Sources */,
				961F2F4F2C2258F100D83602 /* CreditCards.swift in Sources */,
				966AA86A2C247FB30045871E /* NewCardModal.swift in Sources */,
				9636D5582C4E9DF800F859D4 /* SendView.swift in Sources */,
				96B339B92C1D34EE00B910A5 /* UserTests.swift in Sources */,
			);
			runOnlyForDeploymentPostprocessing = 0;
		};
/* End PBXSourcesBuildPhase section */

/* Begin XCBuildConfiguration section */
		96B339AD2C1D306900B910A5 /* Debug */ = {
			isa = XCBuildConfiguration;
			buildSettings = {
				ALWAYS_SEARCH_USER_PATHS = NO;
				ASSETCATALOG_COMPILER_GENERATE_SWIFT_ASSET_SYMBOL_EXTENSIONS = YES;
				CLANG_ANALYZER_NONNULL = YES;
				CLANG_ANALYZER_NUMBER_OBJECT_CONVERSION = YES_AGGRESSIVE;
				CLANG_CXX_LANGUAGE_STANDARD = "gnu++20";
				CLANG_ENABLE_MODULES = YES;
				CLANG_ENABLE_OBJC_ARC = YES;
				CLANG_ENABLE_OBJC_WEAK = YES;
				CLANG_WARN_BLOCK_CAPTURE_AUTORELEASING = YES;
				CLANG_WARN_BOOL_CONVERSION = YES;
				CLANG_WARN_COMMA = YES;
				CLANG_WARN_CONSTANT_CONVERSION = YES;
				CLANG_WARN_DEPRECATED_OBJC_IMPLEMENTATIONS = YES;
				CLANG_WARN_DIRECT_OBJC_ISA_USAGE = YES_ERROR;
				CLANG_WARN_DOCUMENTATION_COMMENTS = YES;
				CLANG_WARN_EMPTY_BODY = YES;
				CLANG_WARN_ENUM_CONVERSION = YES;
				CLANG_WARN_INFINITE_RECURSION = YES;
				CLANG_WARN_INT_CONVERSION = YES;
				CLANG_WARN_NON_LITERAL_NULL_CONVERSION = YES;
				CLANG_WARN_OBJC_IMPLICIT_RETAIN_SELF = YES;
				CLANG_WARN_OBJC_LITERAL_CONVERSION = YES;
				CLANG_WARN_OBJC_ROOT_CLASS = YES_ERROR;
				CLANG_WARN_QUOTED_INCLUDE_IN_FRAMEWORK_HEADER = YES;
				CLANG_WARN_RANGE_LOOP_ANALYSIS = YES;
				CLANG_WARN_STRICT_PROTOTYPES = YES;
				CLANG_WARN_SUSPICIOUS_MOVE = YES;
				CLANG_WARN_UNGUARDED_AVAILABILITY = YES_AGGRESSIVE;
				CLANG_WARN_UNREACHABLE_CODE = YES;
				CLANG_WARN__DUPLICATE_METHOD_MATCH = YES;
				COPY_PHASE_STRIP = NO;
				DEBUG_INFORMATION_FORMAT = dwarf;
				ENABLE_STRICT_OBJC_MSGSEND = YES;
				ENABLE_TESTABILITY = YES;
				ENABLE_USER_SCRIPT_SANDBOXING = YES;
				GCC_C_LANGUAGE_STANDARD = gnu17;
				GCC_DYNAMIC_NO_PIC = NO;
				GCC_NO_COMMON_BLOCKS = YES;
				GCC_OPTIMIZATION_LEVEL = 0;
				GCC_PREPROCESSOR_DEFINITIONS = (
					"DEBUG=1",
					"$(inherited)",
				);
				GCC_WARN_64_TO_32_BIT_CONVERSION = YES;
				GCC_WARN_ABOUT_RETURN_TYPE = YES_ERROR;
				GCC_WARN_UNDECLARED_SELECTOR = YES;
				GCC_WARN_UNINITIALIZED_AUTOS = YES_AGGRESSIVE;
				GCC_WARN_UNUSED_FUNCTION = YES;
				GCC_WARN_UNUSED_VARIABLE = YES;
				IPHONEOS_DEPLOYMENT_TARGET = 17.0;
				LOCALIZATION_PREFERS_STRING_CATALOGS = YES;
				MTL_ENABLE_DEBUG_INFO = INCLUDE_SOURCE;
				MTL_FAST_MATH = YES;
				ONLY_ACTIVE_ARCH = YES;
				SDKROOT = iphoneos;
				SWIFT_ACTIVE_COMPILATION_CONDITIONS = "DEBUG $(inherited)";
				SWIFT_OPTIMIZATION_LEVEL = "-Onone";
			};
			name = Debug;
		};
		96B339AE2C1D306900B910A5 /* Release */ = {
			isa = XCBuildConfiguration;
			buildSettings = {
				ALWAYS_SEARCH_USER_PATHS = NO;
				ASSETCATALOG_COMPILER_GENERATE_SWIFT_ASSET_SYMBOL_EXTENSIONS = YES;
				CLANG_ANALYZER_NONNULL = YES;
				CLANG_ANALYZER_NUMBER_OBJECT_CONVERSION = YES_AGGRESSIVE;
				CLANG_CXX_LANGUAGE_STANDARD = "gnu++20";
				CLANG_ENABLE_MODULES = YES;
				CLANG_ENABLE_OBJC_ARC = YES;
				CLANG_ENABLE_OBJC_WEAK = YES;
				CLANG_WARN_BLOCK_CAPTURE_AUTORELEASING = YES;
				CLANG_WARN_BOOL_CONVERSION = YES;
				CLANG_WARN_COMMA = YES;
				CLANG_WARN_CONSTANT_CONVERSION = YES;
				CLANG_WARN_DEPRECATED_OBJC_IMPLEMENTATIONS = YES;
				CLANG_WARN_DIRECT_OBJC_ISA_USAGE = YES_ERROR;
				CLANG_WARN_DOCUMENTATION_COMMENTS = YES;
				CLANG_WARN_EMPTY_BODY = YES;
				CLANG_WARN_ENUM_CONVERSION = YES;
				CLANG_WARN_INFINITE_RECURSION = YES;
				CLANG_WARN_INT_CONVERSION = YES;
				CLANG_WARN_NON_LITERAL_NULL_CONVERSION = YES;
				CLANG_WARN_OBJC_IMPLICIT_RETAIN_SELF = YES;
				CLANG_WARN_OBJC_LITERAL_CONVERSION = YES;
				CLANG_WARN_OBJC_ROOT_CLASS = YES_ERROR;
				CLANG_WARN_QUOTED_INCLUDE_IN_FRAMEWORK_HEADER = YES;
				CLANG_WARN_RANGE_LOOP_ANALYSIS = YES;
				CLANG_WARN_STRICT_PROTOTYPES = YES;
				CLANG_WARN_SUSPICIOUS_MOVE = YES;
				CLANG_WARN_UNGUARDED_AVAILABILITY = YES_AGGRESSIVE;
				CLANG_WARN_UNREACHABLE_CODE = YES;
				CLANG_WARN__DUPLICATE_METHOD_MATCH = YES;
				COPY_PHASE_STRIP = NO;
				DEBUG_INFORMATION_FORMAT = "dwarf-with-dsym";
				ENABLE_NS_ASSERTIONS = NO;
				ENABLE_STRICT_OBJC_MSGSEND = YES;
				ENABLE_USER_SCRIPT_SANDBOXING = YES;
				GCC_C_LANGUAGE_STANDARD = gnu17;
				GCC_NO_COMMON_BLOCKS = YES;
				GCC_WARN_64_TO_32_BIT_CONVERSION = YES;
				GCC_WARN_ABOUT_RETURN_TYPE = YES_ERROR;
				GCC_WARN_UNDECLARED_SELECTOR = YES;
				GCC_WARN_UNINITIALIZED_AUTOS = YES_AGGRESSIVE;
				GCC_WARN_UNUSED_FUNCTION = YES;
				GCC_WARN_UNUSED_VARIABLE = YES;
				IPHONEOS_DEPLOYMENT_TARGET = 17.0;
				LOCALIZATION_PREFERS_STRING_CATALOGS = YES;
				MTL_ENABLE_DEBUG_INFO = NO;
				MTL_FAST_MATH = YES;
				SDKROOT = iphoneos;
				SWIFT_COMPILATION_MODE = wholemodule;
				VALIDATE_PRODUCT = YES;
			};
			name = Release;
		};
		96B339B02C1D306900B910A5 /* Debug */ = {
			isa = XCBuildConfiguration;
			buildSettings = {
				ASSETCATALOG_COMPILER_APPICON_NAME = AppIcon;
				ASSETCATALOG_COMPILER_GLOBAL_ACCENT_COLOR_NAME = AccentColor;
				CODE_SIGN_STYLE = Automatic;
				CURRENT_PROJECT_VERSION = 1;
				DEVELOPMENT_ASSET_PATHS = "\"Bille/Preview Content\"";
				DEVELOPMENT_TEAM = BAVBTTV3JF;
				ENABLE_PREVIEWS = YES;
				GENERATE_INFOPLIST_FILE = YES;
				INFOPLIST_KEY_UIApplicationSceneManifest_Generation = YES;
				INFOPLIST_KEY_UIApplicationSupportsIndirectInputEvents = YES;
				INFOPLIST_KEY_UILaunchScreen_Generation = YES;
				INFOPLIST_KEY_UISupportedInterfaceOrientations_iPad = "UIInterfaceOrientationPortrait UIInterfaceOrientationPortraitUpsideDown UIInterfaceOrientationLandscapeLeft UIInterfaceOrientationLandscapeRight";
				INFOPLIST_KEY_UISupportedInterfaceOrientations_iPhone = "UIInterfaceOrientationPortrait UIInterfaceOrientationLandscapeLeft UIInterfaceOrientationLandscapeRight";
				LD_RUNPATH_SEARCH_PATHS = (
					"$(inherited)",
					"@executable_path/Frameworks",
				);
				MARKETING_VERSION = 1.0;
				PRODUCT_BUNDLE_IDENTIFIER = com.SDesign.Bille;
				PRODUCT_NAME = "$(TARGET_NAME)";
				SUPPORTED_PLATFORMS = "iphoneos iphonesimulator";
				SUPPORTS_MACCATALYST = NO;
				SUPPORTS_MAC_DESIGNED_FOR_IPHONE_IPAD = NO;
				SUPPORTS_XR_DESIGNED_FOR_IPHONE_IPAD = NO;
				SWIFT_EMIT_LOC_STRINGS = YES;
				SWIFT_VERSION = 5.0;
				TARGETED_DEVICE_FAMILY = 1;
			};
			name = Debug;
		};
		96B339B12C1D306900B910A5 /* Release */ = {
			isa = XCBuildConfiguration;
			buildSettings = {
				ASSETCATALOG_COMPILER_APPICON_NAME = AppIcon;
				ASSETCATALOG_COMPILER_GLOBAL_ACCENT_COLOR_NAME = AccentColor;
				CODE_SIGN_STYLE = Automatic;
				CURRENT_PROJECT_VERSION = 1;
				DEVELOPMENT_ASSET_PATHS = "\"Bille/Preview Content\"";
				DEVELOPMENT_TEAM = BAVBTTV3JF;
				ENABLE_PREVIEWS = YES;
				GENERATE_INFOPLIST_FILE = YES;
				INFOPLIST_KEY_UIApplicationSceneManifest_Generation = YES;
				INFOPLIST_KEY_UIApplicationSupportsIndirectInputEvents = YES;
				INFOPLIST_KEY_UILaunchScreen_Generation = YES;
				INFOPLIST_KEY_UISupportedInterfaceOrientations_iPad = "UIInterfaceOrientationPortrait UIInterfaceOrientationPortraitUpsideDown UIInterfaceOrientationLandscapeLeft UIInterfaceOrientationLandscapeRight";
				INFOPLIST_KEY_UISupportedInterfaceOrientations_iPhone = "UIInterfaceOrientationPortrait UIInterfaceOrientationLandscapeLeft UIInterfaceOrientationLandscapeRight";
				LD_RUNPATH_SEARCH_PATHS = (
					"$(inherited)",
					"@executable_path/Frameworks",
				);
				MARKETING_VERSION = 1.0;
				PRODUCT_BUNDLE_IDENTIFIER = com.SDesign.Bille;
				PRODUCT_NAME = "$(TARGET_NAME)";
				SUPPORTED_PLATFORMS = "iphoneos iphonesimulator";
				SUPPORTS_MACCATALYST = NO;
				SUPPORTS_MAC_DESIGNED_FOR_IPHONE_IPAD = NO;
				SUPPORTS_XR_DESIGNED_FOR_IPHONE_IPAD = NO;
				SWIFT_EMIT_LOC_STRINGS = YES;
				SWIFT_VERSION = 5.0;
				TARGETED_DEVICE_FAMILY = 1;
			};
			name = Release;
		};
/* End XCBuildConfiguration section */

/* Begin XCConfigurationList section */
		96B3399C2C1D306800B910A5 /* Build configuration list for PBXProject "Bille" */ = {
			isa = XCConfigurationList;
			buildConfigurations = (
				96B339AD2C1D306900B910A5 /* Debug */,
				96B339AE2C1D306900B910A5 /* Release */,
			);
			defaultConfigurationIsVisible = 0;
			defaultConfigurationName = Release;
		};
		96B339AF2C1D306900B910A5 /* Build configuration list for PBXNativeTarget "Bille" */ = {
			isa = XCConfigurationList;
			buildConfigurations = (
				96B339B02C1D306900B910A5 /* Debug */,
				96B339B12C1D306900B910A5 /* Release */,
			);
			defaultConfigurationIsVisible = 0;
			defaultConfigurationName = Release;
		};
/* End XCConfigurationList section */

/* Begin XCRemoteSwiftPackageReference section */
		9604EA132C3EBB0D00C6D9C4 /* XCRemoteSwiftPackageReference "Alamofire" */ = {
			isa = XCRemoteSwiftPackageReference;
			repositoryURL = "https://github.com/Alamofire/Alamofire.git";
			requirement = {
				kind = upToNextMajorVersion;
				minimumVersion = 5.9.1;
			};
		};
/* End XCRemoteSwiftPackageReference section */

/* Begin XCSwiftPackageProductDependency section */
		9604EA142C3EBB0D00C6D9C4 /* Alamofire */ = {
			isa = XCSwiftPackageProductDependency;
			package = 9604EA132C3EBB0D00C6D9C4 /* XCRemoteSwiftPackageReference "Alamofire" */;
			productName = Alamofire;
		};
/* End XCSwiftPackageProductDependency section */

/* Begin XCVersionGroup section */
		9628BEB62C4E7D6C0002B392 /* BilleDB.xcdatamodeld */ = {
			isa = XCVersionGroup;
			children = (
				9628BEB72C4E7D6D0002B392 /* BilleDB.xcdatamodel */,
			);
			currentVersion = 9628BEB72C4E7D6D0002B392 /* BilleDB.xcdatamodel */;
			name = BilleDB.xcdatamodeld;
			path = /Users/seba/Desktop/Mobile/BilleApp/Bille/Model/BilleDB.xcdatamodeld;
			sourceTree = "<group>";
			versionGroupType = wrapper.xcdatamodel;
		};
/* End XCVersionGroup section */
	};
	rootObject = 96B339992C1D306800B910A5 /* Project object */;
}
